
Microsoft Visual Studio Solution File, Format Version 12.00
# Visual Studio Version 16
VisualStudioVersion = 16.0.30907.101
MinimumVisualStudioVersion = 10.0.40219.1
Project("{FAE04EC0-301F-11D3-BF4B-00C04F79EFBC}") = "ProGitForProgrammers", "ProGitForProgrammers\ProGitForProgrammers.csproj", "{F9A5DF69-C45F-4AF1-BD60-A5A91529FE17}"
EndProject
Global
	GlobalSection(SolutionConfigurationPlatforms) = preSolution
		Debug|Any CPU = Debug|Any CPU
		Release|Any CPU = Release|Any CPU
	EndGlobalSection
	GlobalSection(ProjectConfigurationPlatforms) = postSolution
		{F9A5DF69-C45F-4AF1-BD60-A5A91529FE17}.Debug|Any CPU.ActiveCfg = Debug|Any CPU
		{F9A5DF69-C45F-4AF1-BD60-A5A91529FE17}.Debug|Any CPU.Build.0 = Debug|Any CPU
		{F9A5DF69-C45F-4AF1-BD60-A5A91529FE17}.Release|Any CPU.ActiveCfg = Release|Any CPU
		{F9A5DF69-C45F-4AF1-BD60-A5A91529FE17}.Release|Any CPU.Build.0 = Release|Any CPU
	EndGlobalSection
	GlobalSection(SolutionProperties) = preSolution
		HideSolutionNode = FALSE
	EndGlobalSection
	GlobalSection(ExtensibilityGlobals) = postSolution
		SolutionGuid = {9ACEBD09-3F71-4B88-9579-AE6E1191EDE4}
	EndGlobalSection
EndGlobal
